
Microsoft Visual Studio Solution File, Format Version 12.00
# Visual Studio 15
VisualStudioVersion = 15.0.28010.0
MinimumVisualStudioVersion = 10.0.40219.1
Project("{FAE04EC0-301F-11D3-BF4B-00C04F79EFBC}") = "Exercise 2B", "Exercise 2B\Exercise 2B.csproj", "{CBD5E916-7D37-444E-88E5-7654B2E577F8}"
EndProject
Global
	GlobalSection(SolutionConfigurationPlatforms) = preSolution
		Debug|Any CPU = Debug|Any CPU
		Release|Any CPU = Release|Any CPU
	EndGlobalSection
	GlobalSection(ProjectConfigurationPlatforms) = postSolution
		{CBD5E916-7D37-444E-88E5-7654B2E577F8}.Debug|Any CPU.ActiveCfg = Debug|Any CPU
		{CBD5E916-7D37-444E-88E5-7654B2E577F8}.Debug|Any CPU.Build.0 = Debug|Any CPU
		{CBD5E916-7D37-444E-88E5-7654B2E577F8}.Release|Any CPU.ActiveCfg = Release|Any CPU
		{CBD5E916-7D37-444E-88E5-7654B2E577F8}.Release|Any CPU.Build.0 = Release|Any CPU
	EndGlobalSection
	GlobalSection(SolutionProperties) = preSolution
		HideSolutionNode = FALSE
	EndGlobalSection
	GlobalSection(ExtensibilityGlobals) = postSolution
		SolutionGuid = {CF22EE8D-2856-45F5-8EF0-69C9401E280C}
	EndGlobalSection
EndGlobal
